
Microsoft Visual Studio Solution File, Format Version 12.00
# Visual Studio Version 16
VisualStudioVersion = 16.0.30717.126
MinimumVisualStudioVersion = 10.0.40219.1
Project("{FAE04EC0-301F-11D3-BF4B-00C04F79EFBC}") = "lab5", "lab5.csproj", "{BE8DABA4-A009-41C4-BC40-1133E73F6C0E}"
EndProject
Global
	GlobalSection(SolutionConfigurationPlatforms) = preSolution
		Debug|Any CPU = Debug|Any CPU
		Release|Any CPU = Release|Any CPU
	EndGlobalSection
	GlobalSection(ProjectConfigurationPlatforms) = postSolution
		{BE8DABA4-A009-41C4-BC40-1133E73F6C0E}.Debug|Any CPU.ActiveCfg = Debug|Any CPU
		{BE8DABA4-A009-41C4-BC40-1133E73F6C0E}.Debug|Any CPU.Build.0 = Debug|Any CPU
		{BE8DABA4-A009-41C4-BC40-1133E73F6C0E}.Release|Any CPU.ActiveCfg = Release|Any CPU
		{BE8DABA4-A009-41C4-BC40-1133E73F6C0E}.Release|Any CPU.Build.0 = Release|Any CPU
	EndGlobalSection
	GlobalSection(SolutionProperties) = preSolution
		HideSolutionNode = FALSE
	EndGlobalSection
	GlobalSection(ExtensibilityGlobals) = postSolution
		SolutionGuid = {5ED44BE2-EAE2-41C1-9521-8213B022C234}
	EndGlobalSection
EndGlobal
