
Microsoft Visual Studio Solution File, Format Version 12.00
# Visual Studio Version 16
VisualStudioVersion = 16.0.30523.141
MinimumVisualStudioVersion = 10.0.40219.1
Project("{FAE04EC0-301F-11D3-BF4B-00C04F79EFBC}") = "Task2", "Task2.csproj", "{322E3D86-B5EB-4A0A-9AF1-2515B0180D90}"
EndProject
Global
	GlobalSection(SolutionConfigurationPlatforms) = preSolution
		Debug|Any CPU = Debug|Any CPU
		Release|Any CPU = Release|Any CPU
	EndGlobalSection
	GlobalSection(ProjectConfigurationPlatforms) = postSolution
		{322E3D86-B5EB-4A0A-9AF1-2515B0180D90}.Debug|Any CPU.ActiveCfg = Debug|Any CPU
		{322E3D86-B5EB-4A0A-9AF1-2515B0180D90}.Debug|Any CPU.Build.0 = Debug|Any CPU
		{322E3D86-B5EB-4A0A-9AF1-2515B0180D90}.Release|Any CPU.ActiveCfg = Release|Any CPU
		{322E3D86-B5EB-4A0A-9AF1-2515B0180D90}.Release|Any CPU.Build.0 = Release|Any CPU
	EndGlobalSection
	GlobalSection(SolutionProperties) = preSolution
		HideSolutionNode = FALSE
	EndGlobalSection
	GlobalSection(ExtensibilityGlobals) = postSolution
		SolutionGuid = {F96C6113-8E54-4BA8-8FB6-5C5EC0CFC23C}
	EndGlobalSection
EndGlobal
