
Microsoft Visual Studio Solution File, Format Version 12.00
# Visual Studio Version 16
VisualStudioVersion = 16.0.30717.126
MinimumVisualStudioVersion = 10.0.40219.1
Project("{FAE04EC0-301F-11D3-BF4B-00C04F79EFBC}") = "Lab7", "Lab7.csproj", "{BD9813E6-8F75-4EF5-80FA-1CE194D87412}"
EndProject
Global
	GlobalSection(SolutionConfigurationPlatforms) = preSolution
		Debug|Any CPU = Debug|Any CPU
		Release|Any CPU = Release|Any CPU
	EndGlobalSection
	GlobalSection(ProjectConfigurationPlatforms) = postSolution
		{BD9813E6-8F75-4EF5-80FA-1CE194D87412}.Debug|Any CPU.ActiveCfg = Debug|Any CPU
		{BD9813E6-8F75-4EF5-80FA-1CE194D87412}.Debug|Any CPU.Build.0 = Debug|Any CPU
		{BD9813E6-8F75-4EF5-80FA-1CE194D87412}.Release|Any CPU.ActiveCfg = Release|Any CPU
		{BD9813E6-8F75-4EF5-80FA-1CE194D87412}.Release|Any CPU.Build.0 = Release|Any CPU
	EndGlobalSection
	GlobalSection(SolutionProperties) = preSolution
		HideSolutionNode = FALSE
	EndGlobalSection
	GlobalSection(ExtensibilityGlobals) = postSolution
		SolutionGuid = {4E47847C-8306-4495-9BB7-E75E64E67A4F}
	EndGlobalSection
EndGlobal
